
Microsoft Visual Studio Solution File, Format Version 12.00
# Visual Studio Version 16
VisualStudioVersion = 16.0.31019.35
MinimumVisualStudioVersion = 10.0.40219.1
Project("{9A19103F-16F7-4668-BE54-9A1E7A4F7556}") = "AssemblyCSharp", "Assembly_CSharp\AssemblyCSharp.csproj", "{6F65ED23-BE0A-4F81-913E-D1DAD53AD62B}"
EndProject
Global
	GlobalSection(SolutionConfigurationPlatforms) = preSolution
		Debug|Any CPU = Debug|Any CPU
		Release|Any CPU = Release|Any CPU
	EndGlobalSection
	GlobalSection(ProjectConfigurationPlatforms) = postSolution
		{6F65ED23-BE0A-4F81-913E-D1DAD53AD62B}.Debug|Any CPU.ActiveCfg = Debug|Any CPU
		{6F65ED23-BE0A-4F81-913E-D1DAD53AD62B}.Debug|Any CPU.Build.0 = Debug|Any CPU
		{6F65ED23-BE0A-4F81-913E-D1DAD53AD62B}.Release|Any CPU.ActiveCfg = Release|Any CPU
		{6F65ED23-BE0A-4F81-913E-D1DAD53AD62B}.Release|Any CPU.Build.0 = Release|Any CPU
	EndGlobalSection
	GlobalSection(SolutionProperties) = preSolution
		HideSolutionNode = FALSE
	EndGlobalSection
	GlobalSection(ExtensibilityGlobals) = postSolution
		SolutionGuid = {59035FF7-41DE-41F2-A0D4-F46A6706A5B9}
	EndGlobalSection
EndGlobal
